
Microsoft Visual Studio Solution File, Format Version 12.00
# Visual Studio Version 16
VisualStudioVersion = 16.0.31112.23
MinimumVisualStudioVersion = 10.0.40219.1
Project("{9A19103F-16F7-4668-BE54-9A1E7A4F7556}") = "Hakaton.Persistance", "Hakaton.Persistance.csproj", "{67039572-56FB-4175-8616-861D970CA7C6}"
EndProject
Global
	GlobalSection(SolutionConfigurationPlatforms) = preSolution
		Debug|Any CPU = Debug|Any CPU
		Release|Any CPU = Release|Any CPU
	EndGlobalSection
	GlobalSection(ProjectConfigurationPlatforms) = postSolution
		{67039572-56FB-4175-8616-861D970CA7C6}.Debug|Any CPU.ActiveCfg = Debug|Any CPU
		{67039572-56FB-4175-8616-861D970CA7C6}.Debug|Any CPU.Build.0 = Debug|Any CPU
		{67039572-56FB-4175-8616-861D970CA7C6}.Release|Any CPU.ActiveCfg = Release|Any CPU
		{67039572-56FB-4175-8616-861D970CA7C6}.Release|Any CPU.Build.0 = Release|Any CPU
	EndGlobalSection
	GlobalSection(SolutionProperties) = preSolution
		HideSolutionNode = FALSE
	EndGlobalSection
	GlobalSection(ExtensibilityGlobals) = postSolution
		SolutionGuid = {96575142-2BF1-4691-A630-2496C97A8BB2}
	EndGlobalSection
EndGlobal
