
Microsoft Visual Studio Solution File, Format Version 12.00
# Visual Studio Version 16
VisualStudioVersion = 16.0.31112.23
MinimumVisualStudioVersion = 10.0.40219.1
Project("{9A19103F-16F7-4668-BE54-9A1E7A4F7556}") = "Hakaton.Api", "Hakaton.Api.csproj", "{3AC10993-4479-41C4-A3A5-EA236B4BEF69}"
EndProject
Project("{2150E333-8FDC-42A3-9474-1A3956D46DE8}") = "Core", "Core", "{F4B9C6B1-E3EB-41BF-B53A-7611AAC90080}"
EndProject
Project("{9A19103F-16F7-4668-BE54-9A1E7A4F7556}") = "Hakaton.Common", "..\Common\Hakaton.Common.csproj", "{A04739C2-7B4C-4C9E-A235-34DE1F2CAC7E}"
EndProject
Project("{2150E333-8FDC-42A3-9474-1A3956D46DE8}") = "Infrastructure", "Infrastructure", "{ACE38105-A2A3-46F1-A899-F39005B3DC73}"
EndProject
Project("{2150E333-8FDC-42A3-9474-1A3956D46DE8}") = "Presentation", "Presentation", "{BCF53FF6-4092-4B8B-B5C0-ACAAD94AE384}"
EndProject
Project("{9A19103F-16F7-4668-BE54-9A1E7A4F7556}") = "Hakaton.Application", "..\Hakaton.Application\Hakaton.Application.csproj", "{0D51ABBD-51AB-453C-84A7-9CEBF31F49F9}"
EndProject
Project("{9A19103F-16F7-4668-BE54-9A1E7A4F7556}") = "Hakaton.Domain", "..\Hakaton.Domain\Hakaton.Domain.csproj", "{BAAB88C7-F97E-49B2-B1E7-1820D4F1C7B3}"
EndProject
Project("{9A19103F-16F7-4668-BE54-9A1E7A4F7556}") = "Hakaton.Infrastructure", "..\Hakaton.Infrastructure\Hakaton.Infrastructure.csproj", "{9F162D8E-6311-49E5-9963-C7F330D85F05}"
EndProject
Project("{9A19103F-16F7-4668-BE54-9A1E7A4F7556}") = "Hakaton.Persistance", "..\Hakaton.Persistance\Hakaton.Persistance.csproj", "{208DF0AA-1BEE-45A2-8562-67B32E0889AF}"
EndProject
Global
	GlobalSection(SolutionConfigurationPlatforms) = preSolution
		Debug|Any CPU = Debug|Any CPU
		Release|Any CPU = Release|Any CPU
	EndGlobalSection
	GlobalSection(ProjectConfigurationPlatforms) = postSolution
		{3AC10993-4479-41C4-A3A5-EA236B4BEF69}.Debug|Any CPU.ActiveCfg = Debug|Any CPU
		{3AC10993-4479-41C4-A3A5-EA236B4BEF69}.Debug|Any CPU.Build.0 = Debug|Any CPU
		{3AC10993-4479-41C4-A3A5-EA236B4BEF69}.Release|Any CPU.ActiveCfg = Release|Any CPU
		{3AC10993-4479-41C4-A3A5-EA236B4BEF69}.Release|Any CPU.Build.0 = Release|Any CPU
		{A04739C2-7B4C-4C9E-A235-34DE1F2CAC7E}.Debug|Any CPU.ActiveCfg = Debug|Any CPU
		{A04739C2-7B4C-4C9E-A235-34DE1F2CAC7E}.Debug|Any CPU.Build.0 = Debug|Any CPU
		{A04739C2-7B4C-4C9E-A235-34DE1F2CAC7E}.Release|Any CPU.ActiveCfg = Release|Any CPU
		{A04739C2-7B4C-4C9E-A235-34DE1F2CAC7E}.Release|Any CPU.Build.0 = Release|Any CPU
		{0D51ABBD-51AB-453C-84A7-9CEBF31F49F9}.Debug|Any CPU.ActiveCfg = Debug|Any CPU
		{0D51ABBD-51AB-453C-84A7-9CEBF31F49F9}.Debug|Any CPU.Build.0 = Debug|Any CPU
		{0D51ABBD-51AB-453C-84A7-9CEBF31F49F9}.Release|Any CPU.ActiveCfg = Release|Any CPU
		{0D51ABBD-51AB-453C-84A7-9CEBF31F49F9}.Release|Any CPU.Build.0 = Release|Any CPU
		{BAAB88C7-F97E-49B2-B1E7-1820D4F1C7B3}.Debug|Any CPU.ActiveCfg = Debug|Any CPU
		{BAAB88C7-F97E-49B2-B1E7-1820D4F1C7B3}.Debug|Any CPU.Build.0 = Debug|Any CPU
		{BAAB88C7-F97E-49B2-B1E7-1820D4F1C7B3}.Release|Any CPU.ActiveCfg = Release|Any CPU
		{BAAB88C7-F97E-49B2-B1E7-1820D4F1C7B3}.Release|Any CPU.Build.0 = Release|Any CPU
		{9F162D8E-6311-49E5-9963-C7F330D85F05}.Debug|Any CPU.ActiveCfg = Debug|Any CPU
		{9F162D8E-6311-49E5-9963-C7F330D85F05}.Debug|Any CPU.Build.0 = Debug|Any CPU
		{9F162D8E-6311-49E5-9963-C7F330D85F05}.Release|Any CPU.ActiveCfg = Release|Any CPU
		{9F162D8E-6311-49E5-9963-C7F330D85F05}.Release|Any CPU.Build.0 = Release|Any CPU
		{208DF0AA-1BEE-45A2-8562-67B32E0889AF}.Debug|Any CPU.ActiveCfg = Debug|Any CPU
		{208DF0AA-1BEE-45A2-8562-67B32E0889AF}.Debug|Any CPU.Build.0 = Debug|Any CPU
		{208DF0AA-1BEE-45A2-8562-67B32E0889AF}.Release|Any CPU.ActiveCfg = Release|Any CPU
		{208DF0AA-1BEE-45A2-8562-67B32E0889AF}.Release|Any CPU.Build.0 = Release|Any CPU
	EndGlobalSection
	GlobalSection(SolutionProperties) = preSolution
		HideSolutionNode = FALSE
	EndGlobalSection
	GlobalSection(NestedProjects) = preSolution
		{3AC10993-4479-41C4-A3A5-EA236B4BEF69} = {BCF53FF6-4092-4B8B-B5C0-ACAAD94AE384}
		{A04739C2-7B4C-4C9E-A235-34DE1F2CAC7E} = {F4B9C6B1-E3EB-41BF-B53A-7611AAC90080}
		{0D51ABBD-51AB-453C-84A7-9CEBF31F49F9} = {F4B9C6B1-E3EB-41BF-B53A-7611AAC90080}
		{BAAB88C7-F97E-49B2-B1E7-1820D4F1C7B3} = {F4B9C6B1-E3EB-41BF-B53A-7611AAC90080}
		{9F162D8E-6311-49E5-9963-C7F330D85F05} = {ACE38105-A2A3-46F1-A899-F39005B3DC73}
		{208DF0AA-1BEE-45A2-8562-67B32E0889AF} = {ACE38105-A2A3-46F1-A899-F39005B3DC73}
	EndGlobalSection
	GlobalSection(ExtensibilityGlobals) = postSolution
		SolutionGuid = {120C5893-FFB9-4142-8A70-041BC808EC94}
	EndGlobalSection
EndGlobal
